# This file is automatically @generated by Cargo.
# It is not intended for manual editing.
version = 4

[[package]]
name = "bitflags"
version = "2.13.2"
source = "registry+https://github.com/rust-lang/crates.io-index"
checksum = "3ded4057c258ba199e2d26386d3af3780957ecaee6c4ef4041c6b4b8b97c0b06"

[[package]]
name = "cc"
version = "1.4.7"
source = "registry+https://github.com/rust-lang/crates.io-index"
checksum = "54413ede23c2daf518f35156dfde027feb2374004d63bd497f983c8db9c0e313"
dependencies = [
 "find-msvc-tools",
 "shlex",
]

[[package]]
name = "fallible-iterator"
version = "0.3.0"
source = "registry+https://github.com/rust-lang/crates.io-index"
checksum = "2acce4a10f12dc2fb14a218589d4f1f62ef011b2d0cc4b3cb1bba8e94da14649"

[[package]]
name = "fallible-streaming-iterator"
version = "0.1.9"
source = "registry+https://github.com/rust-lang/crates.io-index"
checksum = "7360491ce676a36bf9bb3c56c1aa791658183a54d2744120f27285738d90465a"

[[package]]
name = "find-msvc-tools"
version = "0.1.13"
source = "registry+https://github.com/rust-lang/crates.io-index"
checksum = "ef25905e51abafe4dcea6c15fec58c57b601cdbd0ee53d22ea1d3016c587d39b"

[[package]]
name = "libc"
version = "0.2.189"
source = "registry+https://github.com/rust-lang/crates.io-index"
checksum = "3eaf3ede3fee6db1a4c2ee091bf8a8b4dccdc6d17f656fb07896ee72867612f2"

[[package]]
name = "libsqlite3-sys"
version = "0.38.2"
source = "registry+https://github.com/rust-lang/crates.io-index"
checksum = "f1d20bef17f513b9b3004532233187769cd072d790971f4e4da0e346eb6401e8"
dependencies = [
 "cc",
 "pkg-config",
 "vcpkg",
]

[[package]]
name = "pkg-config"
version = "0.3.34"
source = "registry+https://github.com/rust-lang/crates.io-index"
checksum = "f6b464fbc74e149a392436b17d523f769e057cb6877f6a5c4618bc6f11800548"

[[package]]
name = "rusqlite"
version = "0.40.2"
source = "registry+https://github.com/rust-lang/crates.io-index"
checksum = "23f2a97da3e3873c73cb2a2e71b35c40ff95e0b1eefa8d72d8499a6928c3b5b3"
dependencies = [
 "bitflags",
 "fallible-iterator",
 "fallible-streaming-iterator",
 "libsqlite3-sys",
 "smallvec",
]

[[package]]
name = "seyal-agent-backend"
version = "0.0.0"
dependencies = [
 "seyal-agent-core",
 "seyal-agent-protocol",
 "seyal-agent-store",
]

[[package]]
name = "seyal-agent-client"
version = "0.0.0"
dependencies = [
 "seyal-agent-core",
 "seyal-agent-protocol",
]

[[package]]
name = "seyal-agent-core"
version = "0.0.0"

[[package]]
name = "seyal-agent-protocol"
version = "0.0.0"
dependencies = [
 "seyal-agent-core",
]

[[package]]
name = "seyal-agent-store"
version = "0.0.0"
dependencies = [
 "rusqlite",
 "seyal-agent-core",
]

[[package]]
name = "seyal-client"
version = "0.0.0"
dependencies = [
 "seyal-core",
 "seyal-exec",
 "seyal-protocol",
 "seyal-render",
 "seyal-runtime",
]

[[package]]
name = "seyal-core"
version = "0.0.0"

[[package]]
name = "seyal-exec"
version = "0.0.0"
dependencies = [
 "libc",
 "seyal-terminal",
]

[[package]]
name = "seyal-protocol"
version = "0.0.0"
dependencies = [
 "libc",
 "seyal-core",
]

[[package]]
name = "seyal-render"
version = "0.0.0"

[[package]]
name = "seyal-runtime"
version = "0.0.0"
dependencies = [
 "libc",
 "seyal-core",
 "seyal-exec",
 "seyal-protocol",
 "stats_alloc",
]

[[package]]
name = "seyal-terminal"
version = "0.0.0"
dependencies = [
 "stats_alloc",
 "unicode-segmentation",
 "unicode-width",
]

[[package]]
name = "shlex"
version = "2.0.1"
source = "registry+https://github.com/rust-lang/crates.io-index"
checksum = "f8fadd59c855ef2080decdef8ff161eb6661b86933c9d82e5ba29dc602a55aba"

[[package]]
name = "smallvec"
version = "1.16.1"
source = "registry+https://github.com/rust-lang/crates.io-index"
checksum = "ba467056f1b547ed52077911161fc86985becbc60e8e1857c8a144dab0def891"

[[package]]
name = "stats_alloc"
version = "0.1.10"
source = "registry+https://github.com/rust-lang/crates.io-index"
checksum = "5c0e04424e733e69714ca1bbb9204c1a57f09f5493439520f9f68c132ad25eec"

[[package]]
name = "unicode-segmentation"
version = "1.13.3"
source = "registry+https://github.com/rust-lang/crates.io-index"
checksum = "c6f5d3c3b1bf09027a88a6bc961fc00497d651009560b5463668dc81b0fa87a8"

[[package]]
name = "unicode-width"
version = "0.2.2"
source = "registry+https://github.com/rust-lang/crates.io-index"
checksum = "b4ac048d71ede7ee76d585517add45da530660ef4390e49b098733c6e897f254"

[[package]]
name = "vcpkg"
version = "0.2.15"
source = "registry+https://github.com/rust-lang/crates.io-index"
checksum = "accd4ea62f7bb7a82fe23066fb0957d48ef677f6eeb8215f372f52e48bb32426"
