# This file is automatically @generated by Cargo.
# It is not intended for manual editing.
version = 4

[[package]]
name = "libc"
version = "0.2.189"
source = "registry+https://github.com/rust-lang/crates.io-index"
checksum = "3eaf3ede3fee6db1a4c2ee091bf8a8b4dccdc6d17f656fb07896ee72867612f2"

[[package]]
name = "seyal-agent-backend"
version = "0.0.0"
dependencies = [
 "seyal-agent-core",
 "seyal-agent-protocol",
 "seyal-agent-store",
]

[[package]]
name = "seyal-agent-client"
version = "0.0.0"
dependencies = [
 "seyal-agent-core",
 "seyal-agent-protocol",
]

[[package]]
name = "seyal-agent-core"
version = "0.0.0"

[[package]]
name = "seyal-agent-protocol"
version = "0.0.0"
dependencies = [
 "seyal-agent-core",
]

[[package]]
name = "seyal-agent-store"
version = "0.0.0"
dependencies = [
 "seyal-agent-core",
]

[[package]]
name = "seyal-client"
version = "0.0.0"
dependencies = [
 "seyal-core",
 "seyal-exec",
 "seyal-protocol",
 "seyal-render",
 "seyal-runtime",
]

[[package]]
name = "seyal-core"
version = "0.0.0"

[[package]]
name = "seyal-exec"
version = "0.0.0"
dependencies = [
 "libc",
 "seyal-terminal",
]

[[package]]
name = "seyal-protocol"
version = "0.0.0"
dependencies = [
 "libc",
 "seyal-core",
]

[[package]]
name = "seyal-render"
version = "0.0.0"

[[package]]
name = "seyal-runtime"
version = "0.0.0"
dependencies = [
 "libc",
 "seyal-core",
 "seyal-exec",
 "seyal-protocol",
 "stats_alloc",
]

[[package]]
name = "seyal-terminal"
version = "0.0.0"
dependencies = [
 "stats_alloc",
 "unicode-segmentation",
 "unicode-width",
]

[[package]]
name = "stats_alloc"
version = "0.1.10"
source = "registry+https://github.com/rust-lang/crates.io-index"
checksum = "5c0e04424e733e69714ca1bbb9204c1a57f09f5493439520f9f68c132ad25eec"

[[package]]
name = "unicode-segmentation"
version = "1.13.3"
source = "registry+https://github.com/rust-lang/crates.io-index"
checksum = "c6f5d3c3b1bf09027a88a6bc961fc00497d651009560b5463668dc81b0fa87a8"

[[package]]
name = "unicode-width"
version = "0.2.2"
source = "registry+https://github.com/rust-lang/crates.io-index"
checksum = "b4ac048d71ede7ee76d585517add45da530660ef4390e49b098733c6e897f254"
