// !$*UTF8*$!
{
	archiveVersion = 1;
	classes = {
	};
	objectVersion = 60;
	objects = {

/* Begin PBXBuildFile section */
		A10000000000000000000001 /* Main.swift in Sources */ = {isa = PBXBuildFile; fileRef = A20000000000000000000001 /* Main.swift */; };
		A10000000000000000000002 /* AppDelegate.swift in Sources */ = {isa = PBXBuildFile; fileRef = A20000000000000000000002 /* AppDelegate.swift */; };
		A10000000000000000000003 /* MetalSurfaceView.swift in Sources */ = {isa = PBXBuildFile; fileRef = A20000000000000000000003 /* MetalSurfaceView.swift */; };
		A10000000000000000000004 /* AppKit.framework in Frameworks */ = {isa = PBXBuildFile; fileRef = A20000000000000000000005 /* AppKit.framework */; };
		A10000000000000000000005 /* Metal.framework in Frameworks */ = {isa = PBXBuildFile; fileRef = A20000000000000000000006 /* Metal.framework */; };
		A10000000000000000000006 /* QuartzCore.framework in Frameworks */ = {isa = PBXBuildFile; fileRef = A20000000000000000000007 /* QuartzCore.framework */; };
		A1000000000000000000000B /* TerminalSurfaceHostView.swift in Sources */ = {isa = PBXBuildFile; fileRef = A2000000000000000000000D /* TerminalSurfaceHostView.swift */; };
		A1000000000000000000000E /* RustDisplayBridge.swift in Sources */ = {isa = PBXBuildFile; fileRef = A20000000000000000000010 /* RustDisplayBridge.swift */; };
		A1000000000000000000000F /* GlyphAtlas.swift in Sources */ = {isa = PBXBuildFile; fileRef = A20000000000000000000011 /* GlyphAtlas.swift */; };
		A10000000000000000000010 /* MetalTerminalRenderer.swift in Sources */ = {isa = PBXBuildFile; fileRef = A20000000000000000000012 /* MetalTerminalRenderer.swift */; };
		A10000000000000000000011 /* RendererValidation.swift in Sources */ = {isa = PBXBuildFile; fileRef = A20000000000000000000013 /* RendererValidation.swift */; };
		A10000000000000000000013 /* CoreText.framework in Frameworks */ = {isa = PBXBuildFile; fileRef = A20000000000000000000016 /* CoreText.framework */; };
		A10000000000000000000014 /* CoreGraphics.framework in Frameworks */ = {isa = PBXBuildFile; fileRef = A20000000000000000000017 /* CoreGraphics.framework */; };
		A10000000000000000000025 /* RuntimeRecoveryGlue.swift in Sources */ = {isa = PBXBuildFile; fileRef = A20000000000000000000025 /* RuntimeRecoveryGlue.swift */; };
		A10000000000000000000026 /* BundledRuntimeLauncher.swift in Sources */ = {isa = PBXBuildFile; fileRef = A20000000000000000000026 /* BundledRuntimeLauncher.swift */; };
		A10000000000000000000049 /* IsolatedRuntimeDirectory.swift in Sources */ = {isa = PBXBuildFile; fileRef = A20000000000000000000049 /* IsolatedRuntimeDirectory.swift */; };
		A10000000000000000000027 /* Security.framework in Frameworks */ = {isa = PBXBuildFile; fileRef = A20000000000000000000027 /* Security.framework */; };
		A1000000000000000000002C /* SeyalAccessibilityAnnouncement.swift in Sources */ = {isa = PBXBuildFile; fileRef = A2000000000000000000002C /* SeyalAccessibilityAnnouncement.swift */; };
		A10000000000000000000040 /* NativeFontSpec.swift in Sources */ = {isa = PBXBuildFile; fileRef = A20000000000000000000040 /* NativeFontSpec.swift */; };
		A10000000000000000000041 /* ThinPaneHostView.swift in Sources */ = {isa = PBXBuildFile; fileRef = A20000000000000000000041 /* ThinPaneHostView.swift */; };
		A10000000000000000000048 /* CommandPaletteOverlayView.swift in Sources */ = {isa = PBXBuildFile; fileRef = A20000000000000000000048 /* CommandPaletteOverlayView.swift */; };
		A10000000000000000000042 /* InteractiveMetalSurfaceView.swift in Sources */ = {isa = PBXBuildFile; fileRef = A20000000000000000000042 /* InteractiveMetalSurfaceView.swift */; };
		A10000000000000000000043 /* RendererPresentationPlan.swift in Sources */ = {isa = PBXBuildFile; fileRef = A20000000000000000000043 /* RendererPresentationPlan.swift */; };
		A10000000000000000000044 /* ComposerBridgeView.swift in Sources */ = {isa = PBXBuildFile; fileRef = A20000000000000000000044 /* ComposerBridgeView.swift */; };
		A10000000000000000000047 /* ComposerHistoryOverlayView.swift in Sources */ = {isa = PBXBuildFile; fileRef = A20000000000000000000047 /* ComposerHistoryOverlayView.swift */; };
		A10000000000000000000045 /* ProductChromeHostView.swift in Sources */ = {isa = PBXBuildFile; fileRef = A20000000000000000000045 /* ProductChromeHostView.swift */; };
		A10000000000000000000046 /* NativeThemeRealization.swift in Sources */ = {isa = PBXBuildFile; fileRef = A20000000000000000000046 /* NativeThemeRealization.swift */; };
		C10000000000000000000001 /* SeyalHostComponentTests.swift in Sources */ = {isa = PBXBuildFile; fileRef = C20000000000000000000003 /* SeyalHostComponentTests.swift */; };
		C10000000000000000000002 /* SeyalHostUITests.swift in Sources */ = {isa = PBXBuildFile; fileRef = C20000000000000000000004 /* SeyalHostUITests.swift */; };
		C10000000000000000000005 /* SeyalHostHistoryUITests.swift in Sources */ = {isa = PBXBuildFile; fileRef = C20000000000000000000005 /* SeyalHostHistoryUITests.swift */; };
		C10000000000000000000006 /* SeyalHostWorkloadUITests.swift in Sources */ = {isa = PBXBuildFile; fileRef = C20000000000000000000006 /* SeyalHostWorkloadUITests.swift */; };
		C10000000000000000000007 /* IsolatedHostedRuntime.swift in Sources */ = {isa = PBXBuildFile; fileRef = C20000000000000000000007 /* IsolatedHostedRuntime.swift */; };
		A10000000000000000000050 /* TerminalCompositionDocument.swift in Sources */ = {isa = PBXBuildFile; fileRef = A20000000000000000000050 /* TerminalCompositionDocument.swift */; };
		A10000000000000000000051 /* TerminalNativeKeyClassifier.swift in Sources */ = {isa = PBXBuildFile; fileRef = A20000000000000000000051 /* TerminalNativeKeyClassifier.swift */; };
		A10000000000000000000052 /* InteractiveMetalSurfaceView+InputSelfTests.swift in Sources */ = {isa = PBXBuildFile; fileRef = A20000000000000000000052 /* InteractiveMetalSurfaceView+InputSelfTests.swift */; };
		A10000000000000000000053 /* MetalSurfaceRecoveryState.swift in Sources */ = {isa = PBXBuildFile; fileRef = A20000000000000000000053 /* MetalSurfaceRecoveryState.swift */; };
		A10000000000000000000054 /* MetalSurfaceView+DisplayLink.swift in Sources */ = {isa = PBXBuildFile; fileRef = A20000000000000000000054 /* MetalSurfaceView+DisplayLink.swift */; };
		A10000000000000000000056 /* MetalTerminalRendererTypes.swift in Sources */ = {isa = PBXBuildFile; fileRef = A20000000000000000000056 /* MetalTerminalRendererTypes.swift */; };
		A10000000000000000000057 /* MetalTerminalRenderer+Encode.swift in Sources */ = {isa = PBXBuildFile; fileRef = A20000000000000000000057 /* MetalTerminalRenderer+Encode.swift */; };
		A10000000000000000000058 /* MetalTerminalRenderer+GPUCompletionSelfTest.swift in Sources */ = {isa = PBXBuildFile; fileRef = A20000000000000000000058 /* MetalTerminalRenderer+GPUCompletionSelfTest.swift */; };
		A10000000000000000000059 /* ProductChromeBlockViews.swift in Sources */ = {isa = PBXBuildFile; fileRef = A20000000000000000000059 /* ProductChromeBlockViews.swift */; };
		A1000000000000000000005A /* ProductChromeHostView+Blocks.swift in Sources */ = {isa = PBXBuildFile; fileRef = A2000000000000000000005A /* ProductChromeHostView+Blocks.swift */; };
		A1000000000000000000005B /* ProductChromeHostView+Recovery.swift in Sources */ = {isa = PBXBuildFile; fileRef = A2000000000000000000005B /* ProductChromeHostView+Recovery.swift */; };
		A1000000000000000000005C /* ProductChromeHostView+ChromeActions.swift in Sources */ = {isa = PBXBuildFile; fileRef = A2000000000000000000005C /* ProductChromeHostView+ChromeActions.swift */; };
		A1000000000000000000005D /* RendererValidationDisplayLinkDriver.swift in Sources */ = {isa = PBXBuildFile; fileRef = A2000000000000000000005D /* RendererValidationDisplayLinkDriver.swift */; };
		A1000000000000000000005E /* RendererValidation+OffscreenSelfTests.swift in Sources */ = {isa = PBXBuildFile; fileRef = A2000000000000000000005E /* RendererValidation+OffscreenSelfTests.swift */; };
		A1000000000000000000005F /* RendererValidation+LiveSelfTest.swift in Sources */ = {isa = PBXBuildFile; fileRef = A2000000000000000000005F /* RendererValidation+LiveSelfTest.swift */; };
		A10000000000000000000060 /* RendererValidation+Benchmark.swift in Sources */ = {isa = PBXBuildFile; fileRef = A20000000000000000000060 /* RendererValidation+Benchmark.swift */; };
		A10000000000000000000061 /* RendererValidation+RecoverySelfTests.swift in Sources */ = {isa = PBXBuildFile; fileRef = A20000000000000000000061 /* RendererValidation+RecoverySelfTests.swift */; };
		A10000000000000000000062 /* RendererValidation+Support.swift in Sources */ = {isa = PBXBuildFile; fileRef = A20000000000000000000062 /* RendererValidation+Support.swift */; };
		A10000000000000000000063 /* RustDisplayBridgeTypes.swift in Sources */ = {isa = PBXBuildFile; fileRef = A20000000000000000000063 /* RustDisplayBridgeTypes.swift */; };
		A10000000000000000000064 /* RustBridgeTeardownCoordinator.swift in Sources */ = {isa = PBXBuildFile; fileRef = A20000000000000000000064 /* RustBridgeTeardownCoordinator.swift */; };
		A10000000000000000000065 /* RustDisplayBridge+SelfTests.swift in Sources */ = {isa = PBXBuildFile; fileRef = A20000000000000000000065 /* RustDisplayBridge+SelfTests.swift */; };
		A10000000000000000000066 /* RustDisplayBridge+History.swift in Sources */ = {isa = PBXBuildFile; fileRef = A20000000000000000000066 /* RustDisplayBridge+History.swift */; };
		A10000000000000000000067 /* RustDisplayBridge+Input.swift in Sources */ = {isa = PBXBuildFile; fileRef = A20000000000000000000067 /* RustDisplayBridge+Input.swift */; };
		A10000000000000000000068 /* RustDisplayBridge+Frame.swift in Sources */ = {isa = PBXBuildFile; fileRef = A20000000000000000000068 /* RustDisplayBridge+Frame.swift */; };
		A10000000000000000000069 /* MetalSurfaceView+Recovery.swift in Sources */ = {isa = PBXBuildFile; fileRef = A20000000000000000000069 /* MetalSurfaceView+Recovery.swift */; };
/* End PBXBuildFile section */

/* Begin PBXContainerItemProxy section */
		D10000000000000000000001 /* PBXContainerItemProxy */ = {
			isa = PBXContainerItemProxy;
			containerPortal = A80000000000000000000001 /* Project object */;
			proxyType = 1;
			remoteGlobalIDString = A50000000000000000000001;
			remoteInfo = Seyal;
		};
		D10000000000000000000002 /* PBXContainerItemProxy */ = {
			isa = PBXContainerItemProxy;
			containerPortal = A80000000000000000000001 /* Project object */;
			proxyType = 1;
			remoteGlobalIDString = A50000000000000000000001;
			remoteInfo = Seyal;
		};
/* End PBXContainerItemProxy section */

/* Begin PBXFileReference section */
		A20000000000000000000001 /* Main.swift */ = {isa = PBXFileReference; lastKnownFileType = sourcecode.swift; path = Main.swift; sourceTree = "<group>"; };
		A20000000000000000000002 /* AppDelegate.swift */ = {isa = PBXFileReference; lastKnownFileType = sourcecode.swift; path = AppDelegate.swift; sourceTree = "<group>"; };
		A20000000000000000000003 /* MetalSurfaceView.swift */ = {isa = PBXFileReference; lastKnownFileType = sourcecode.swift; path = MetalSurfaceView.swift; sourceTree = "<group>"; };
		A20000000000000000000004 /* Seyal.app */ = {isa = PBXFileReference; explicitFileType = wrapper.application; includeInIndex = 0; path = Seyal.app; sourceTree = BUILT_PRODUCTS_DIR; };
		A20000000000000000000005 /* AppKit.framework */ = {isa = PBXFileReference; lastKnownFileType = wrapper.framework; name = AppKit.framework; path = System/Library/Frameworks/AppKit.framework; sourceTree = SDKROOT; };
		A20000000000000000000006 /* Metal.framework */ = {isa = PBXFileReference; lastKnownFileType = wrapper.framework; name = Metal.framework; path = System/Library/Frameworks/Metal.framework; sourceTree = SDKROOT; };
		A20000000000000000000007 /* QuartzCore.framework */ = {isa = PBXFileReference; lastKnownFileType = wrapper.framework; name = QuartzCore.framework; path = System/Library/Frameworks/QuartzCore.framework; sourceTree = SDKROOT; };
		A20000000000000000000008 /* Info.plist */ = {isa = PBXFileReference; lastKnownFileType = text.plist.xml; path = Info.plist; sourceTree = "<group>"; };
		A2000000000000000000000D /* TerminalSurfaceHostView.swift */ = {isa = PBXFileReference; lastKnownFileType = sourcecode.swift; path = TerminalSurfaceHostView.swift; sourceTree = "<group>"; };
		C20000000000000000000001 /* SeyalTests.xctest */ = {isa = PBXFileReference; explicitFileType = wrapper.cfbundle; includeInIndex = 0; path = SeyalTests.xctest; sourceTree = BUILT_PRODUCTS_DIR; };
		C20000000000000000000002 /* SeyalUITests.xctest */ = {isa = PBXFileReference; explicitFileType = wrapper.cfbundle; includeInIndex = 0; path = SeyalUITests.xctest; sourceTree = BUILT_PRODUCTS_DIR; };
		C20000000000000000000003 /* SeyalHostComponentTests.swift */ = {isa = PBXFileReference; lastKnownFileType = sourcecode.swift; path = SeyalHostComponentTests.swift; sourceTree = "<group>"; };
		C20000000000000000000004 /* SeyalHostUITests.swift */ = {isa = PBXFileReference; lastKnownFileType = sourcecode.swift; path = SeyalHostUITests.swift; sourceTree = "<group>"; };
		C20000000000000000000005 /* SeyalHostHistoryUITests.swift */ = {isa = PBXFileReference; lastKnownFileType = sourcecode.swift; path = SeyalHostHistoryUITests.swift; sourceTree = "<group>"; };
		C20000000000000000000006 /* SeyalHostWorkloadUITests.swift */ = {isa = PBXFileReference; lastKnownFileType = sourcecode.swift; path = SeyalHostWorkloadUITests.swift; sourceTree = "<group>"; };
		C20000000000000000000007 /* IsolatedHostedRuntime.swift */ = {isa = PBXFileReference; lastKnownFileType = sourcecode.swift; path = IsolatedHostedRuntime.swift; sourceTree = "<group>"; };
		A20000000000000000000010 /* RustDisplayBridge.swift */ = {isa = PBXFileReference; lastKnownFileType = sourcecode.swift; path = RustDisplayBridge.swift; sourceTree = "<group>"; };
		A20000000000000000000011 /* GlyphAtlas.swift */ = {isa = PBXFileReference; lastKnownFileType = sourcecode.swift; path = GlyphAtlas.swift; sourceTree = "<group>"; };
		A20000000000000000000012 /* MetalTerminalRenderer.swift */ = {isa = PBXFileReference; lastKnownFileType = sourcecode.swift; path = MetalTerminalRenderer.swift; sourceTree = "<group>"; };
		A20000000000000000000013 /* RendererValidation.swift */ = {isa = PBXFileReference; lastKnownFileType = sourcecode.swift; path = RendererValidation.swift; sourceTree = "<group>"; };
		A20000000000000000000014 /* TerminalShaders.metal */ = {isa = PBXFileReference; lastKnownFileType = sourcecode.metal; path = TerminalShaders.metal; sourceTree = "<group>"; };
		A20000000000000000000015 /* SeyalBridge.h */ = {isa = PBXFileReference; lastKnownFileType = sourcecode.c.h; path = SeyalBridge.h; sourceTree = "<group>"; };
		A20000000000000000000016 /* CoreText.framework */ = {isa = PBXFileReference; lastKnownFileType = wrapper.framework; name = CoreText.framework; path = System/Library/Frameworks/CoreText.framework; sourceTree = SDKROOT; };
		A20000000000000000000017 /* CoreGraphics.framework */ = {isa = PBXFileReference; lastKnownFileType = wrapper.framework; name = CoreGraphics.framework; path = System/Library/Frameworks/CoreGraphics.framework; sourceTree = SDKROOT; };
		A20000000000000000000025 /* RuntimeRecoveryGlue.swift */ = {isa = PBXFileReference; lastKnownFileType = sourcecode.swift; path = RuntimeRecoveryGlue.swift; sourceTree = "<group>"; };
		A2000000000000000000002C /* SeyalAccessibilityAnnouncement.swift */ = {isa = PBXFileReference; lastKnownFileType = sourcecode.swift; path = SeyalAccessibilityAnnouncement.swift; sourceTree = "<group>"; };
		A20000000000000000000026 /* BundledRuntimeLauncher.swift */ = {isa = PBXFileReference; lastKnownFileType = sourcecode.swift; path = BundledRuntimeLauncher.swift; sourceTree = "<group>"; };
		A20000000000000000000049 /* IsolatedRuntimeDirectory.swift */ = {isa = PBXFileReference; lastKnownFileType = sourcecode.swift; path = IsolatedRuntimeDirectory.swift; sourceTree = "<group>"; };
		A20000000000000000000027 /* Security.framework */ = {isa = PBXFileReference; lastKnownFileType = wrapper.framework; name = Security.framework; path = System/Library/Frameworks/Security.framework; sourceTree = SDKROOT; };
		A20000000000000000000040 /* NativeFontSpec.swift */ = {isa = PBXFileReference; lastKnownFileType = sourcecode.swift; path = NativeFontSpec.swift; sourceTree = "<group>"; };
		A20000000000000000000041 /* ThinPaneHostView.swift */ = {isa = PBXFileReference; lastKnownFileType = sourcecode.swift; path = ThinPaneHostView.swift; sourceTree = "<group>"; };
		A20000000000000000000048 /* CommandPaletteOverlayView.swift */ = {isa = PBXFileReference; lastKnownFileType = sourcecode.swift; path = CommandPaletteOverlayView.swift; sourceTree = "<group>"; };
		A20000000000000000000042 /* InteractiveMetalSurfaceView.swift */ = {isa = PBXFileReference; lastKnownFileType = sourcecode.swift; path = InteractiveMetalSurfaceView.swift; sourceTree = "<group>"; };
		A20000000000000000000043 /* RendererPresentationPlan.swift */ = {isa = PBXFileReference; lastKnownFileType = sourcecode.swift; path = RendererPresentationPlan.swift; sourceTree = "<group>"; };
		A20000000000000000000044 /* ComposerBridgeView.swift */ = {isa = PBXFileReference; lastKnownFileType = sourcecode.swift; path = ComposerBridgeView.swift; sourceTree = "<group>"; };
		A20000000000000000000047 /* ComposerHistoryOverlayView.swift */ = {isa = PBXFileReference; lastKnownFileType = sourcecode.swift; path = ComposerHistoryOverlayView.swift; sourceTree = "<group>"; };
		A20000000000000000000045 /* ProductChromeHostView.swift */ = {isa = PBXFileReference; lastKnownFileType = sourcecode.swift; path = ProductChromeHostView.swift; sourceTree = "<group>"; };
		A20000000000000000000046 /* NativeThemeRealization.swift */ = {isa = PBXFileReference; lastKnownFileType = sourcecode.swift; path = NativeThemeRealization.swift; sourceTree = "<group>"; };
		A20000000000000000000050 /* TerminalCompositionDocument.swift */ = {isa = PBXFileReference; lastKnownFileType = sourcecode.swift; path = TerminalCompositionDocument.swift; sourceTree = "<group>"; };
		A20000000000000000000051 /* TerminalNativeKeyClassifier.swift */ = {isa = PBXFileReference; lastKnownFileType = sourcecode.swift; path = TerminalNativeKeyClassifier.swift; sourceTree = "<group>"; };
		A20000000000000000000052 /* InteractiveMetalSurfaceView+InputSelfTests.swift */ = {isa = PBXFileReference; lastKnownFileType = sourcecode.swift; path = "InteractiveMetalSurfaceView+InputSelfTests.swift"; sourceTree = "<group>"; };
		A20000000000000000000053 /* MetalSurfaceRecoveryState.swift */ = {isa = PBXFileReference; lastKnownFileType = sourcecode.swift; path = MetalSurfaceRecoveryState.swift; sourceTree = "<group>"; };
		A20000000000000000000054 /* MetalSurfaceView+DisplayLink.swift */ = {isa = PBXFileReference; lastKnownFileType = sourcecode.swift; path = "MetalSurfaceView+DisplayLink.swift"; sourceTree = "<group>"; };
		A20000000000000000000056 /* MetalTerminalRendererTypes.swift */ = {isa = PBXFileReference; lastKnownFileType = sourcecode.swift; path = MetalTerminalRendererTypes.swift; sourceTree = "<group>"; };
		A20000000000000000000057 /* MetalTerminalRenderer+Encode.swift */ = {isa = PBXFileReference; lastKnownFileType = sourcecode.swift; path = "MetalTerminalRenderer+Encode.swift"; sourceTree = "<group>"; };
		A20000000000000000000058 /* MetalTerminalRenderer+GPUCompletionSelfTest.swift */ = {isa = PBXFileReference; lastKnownFileType = sourcecode.swift; path = "MetalTerminalRenderer+GPUCompletionSelfTest.swift"; sourceTree = "<group>"; };
		A20000000000000000000059 /* ProductChromeBlockViews.swift */ = {isa = PBXFileReference; lastKnownFileType = sourcecode.swift; path = ProductChromeBlockViews.swift; sourceTree = "<group>"; };
		A2000000000000000000005A /* ProductChromeHostView+Blocks.swift */ = {isa = PBXFileReference; lastKnownFileType = sourcecode.swift; path = "ProductChromeHostView+Blocks.swift"; sourceTree = "<group>"; };
		A2000000000000000000005B /* ProductChromeHostView+Recovery.swift */ = {isa = PBXFileReference; lastKnownFileType = sourcecode.swift; path = "ProductChromeHostView+Recovery.swift"; sourceTree = "<group>"; };
		A2000000000000000000005C /* ProductChromeHostView+ChromeActions.swift */ = {isa = PBXFileReference; lastKnownFileType = sourcecode.swift; path = "ProductChromeHostView+ChromeActions.swift"; sourceTree = "<group>"; };
		A2000000000000000000005D /* RendererValidationDisplayLinkDriver.swift */ = {isa = PBXFileReference; lastKnownFileType = sourcecode.swift; path = RendererValidationDisplayLinkDriver.swift; sourceTree = "<group>"; };
		A2000000000000000000005E /* RendererValidation+OffscreenSelfTests.swift */ = {isa = PBXFileReference; lastKnownFileType = sourcecode.swift; path = "RendererValidation+OffscreenSelfTests.swift"; sourceTree = "<group>"; };
		A2000000000000000000005F /* RendererValidation+LiveSelfTest.swift */ = {isa = PBXFileReference; lastKnownFileType = sourcecode.swift; path = "RendererValidation+LiveSelfTest.swift"; sourceTree = "<group>"; };
		A20000000000000000000060 /* RendererValidation+Benchmark.swift */ = {isa = PBXFileReference; lastKnownFileType = sourcecode.swift; path = "RendererValidation+Benchmark.swift"; sourceTree = "<group>"; };
		A20000000000000000000061 /* RendererValidation+RecoverySelfTests.swift */ = {isa = PBXFileReference; lastKnownFileType = sourcecode.swift; path = "RendererValidation+RecoverySelfTests.swift"; sourceTree = "<group>"; };
		A20000000000000000000062 /* RendererValidation+Support.swift */ = {isa = PBXFileReference; lastKnownFileType = sourcecode.swift; path = "RendererValidation+Support.swift"; sourceTree = "<group>"; };
		A20000000000000000000063 /* RustDisplayBridgeTypes.swift */ = {isa = PBXFileReference; lastKnownFileType = sourcecode.swift; path = RustDisplayBridgeTypes.swift; sourceTree = "<group>"; };
		A20000000000000000000064 /* RustBridgeTeardownCoordinator.swift */ = {isa = PBXFileReference; lastKnownFileType = sourcecode.swift; path = RustBridgeTeardownCoordinator.swift; sourceTree = "<group>"; };
		A20000000000000000000065 /* RustDisplayBridge+SelfTests.swift */ = {isa = PBXFileReference; lastKnownFileType = sourcecode.swift; path = "RustDisplayBridge+SelfTests.swift"; sourceTree = "<group>"; };
		A20000000000000000000066 /* RustDisplayBridge+History.swift */ = {isa = PBXFileReference; lastKnownFileType = sourcecode.swift; path = "RustDisplayBridge+History.swift"; sourceTree = "<group>"; };
		A20000000000000000000067 /* RustDisplayBridge+Input.swift */ = {isa = PBXFileReference; lastKnownFileType = sourcecode.swift; path = "RustDisplayBridge+Input.swift"; sourceTree = "<group>"; };
		A20000000000000000000068 /* RustDisplayBridge+Frame.swift */ = {isa = PBXFileReference; lastKnownFileType = sourcecode.swift; path = "RustDisplayBridge+Frame.swift"; sourceTree = "<group>"; };
		A20000000000000000000069 /* MetalSurfaceView+Recovery.swift */ = {isa = PBXFileReference; lastKnownFileType = sourcecode.swift; path = "MetalSurfaceView+Recovery.swift"; sourceTree = "<group>"; };
/* End PBXFileReference section */

/* Begin PBXFrameworksBuildPhase section */
		A30000000000000000000001 /* Frameworks */ = {
			isa = PBXFrameworksBuildPhase;
			buildActionMask = 2147483647;
			files = (
				A10000000000000000000027 /* Security.framework in Frameworks */,
				A10000000000000000000004 /* AppKit.framework in Frameworks */,
				A10000000000000000000005 /* Metal.framework in Frameworks */,
				A10000000000000000000006 /* QuartzCore.framework in Frameworks */,
				A10000000000000000000013 /* CoreText.framework in Frameworks */,
				A10000000000000000000014 /* CoreGraphics.framework in Frameworks */,
			);
			runOnlyForDeploymentPostprocessing = 0;
		};
		C30000000000000000000001 /* Frameworks */ = {
			isa = PBXFrameworksBuildPhase;
			buildActionMask = 2147483647;
			files = (
			);
			runOnlyForDeploymentPostprocessing = 0;
		};
		C30000000000000000000002 /* Frameworks */ = {
			isa = PBXFrameworksBuildPhase;
			buildActionMask = 2147483647;
			files = (
			);
			runOnlyForDeploymentPostprocessing = 0;
		};
/* End PBXFrameworksBuildPhase section */

/* Begin PBXGroup section */
		A40000000000000000000001 = {
			isa = PBXGroup;
			children = (
				A40000000000000000000002 /* Sources */,
				C40000000000000000000001 /* Tests */,
				A20000000000000000000008 /* Info.plist */,
				A40000000000000000000003 /* Frameworks */,
				A40000000000000000000004 /* Products */,
			);
			sourceTree = "<group>";
		};
		A40000000000000000000002 /* Sources */ = {
			isa = PBXGroup;
			children = (
				A20000000000000000000001 /* Main.swift */,
				A20000000000000000000002 /* AppDelegate.swift */,
				A20000000000000000000041 /* ThinPaneHostView.swift */,
				A20000000000000000000048 /* CommandPaletteOverlayView.swift */,
				A20000000000000000000045 /* ProductChromeHostView.swift */,
				A20000000000000000000044 /* ComposerBridgeView.swift */,
				A20000000000000000000047 /* ComposerHistoryOverlayView.swift */,
				A20000000000000000000046 /* NativeThemeRealization.swift */,
				A20000000000000000000042 /* InteractiveMetalSurfaceView.swift */,
				A20000000000000000000043 /* RendererPresentationPlan.swift */,
				A20000000000000000000040 /* NativeFontSpec.swift */,
				A20000000000000000000003 /* MetalSurfaceView.swift */,
				A2000000000000000000000D /* TerminalSurfaceHostView.swift */,
				A20000000000000000000010 /* RustDisplayBridge.swift */,
				A20000000000000000000011 /* GlyphAtlas.swift */,
				A20000000000000000000012 /* MetalTerminalRenderer.swift */,
				A20000000000000000000013 /* RendererValidation.swift */,
				A20000000000000000000014 /* TerminalShaders.metal */,
				A20000000000000000000015 /* SeyalBridge.h */,
				A20000000000000000000025 /* RuntimeRecoveryGlue.swift */,
				A20000000000000000000026 /* BundledRuntimeLauncher.swift */,
				A20000000000000000000049 /* IsolatedRuntimeDirectory.swift */,
				A2000000000000000000002C /* SeyalAccessibilityAnnouncement.swift */,
				A20000000000000000000050 /* TerminalCompositionDocument.swift */,
				A20000000000000000000051 /* TerminalNativeKeyClassifier.swift */,
				A20000000000000000000052 /* InteractiveMetalSurfaceView+InputSelfTests.swift */,
				A20000000000000000000053 /* MetalSurfaceRecoveryState.swift */,
				A20000000000000000000054 /* MetalSurfaceView+DisplayLink.swift */,
				A20000000000000000000056 /* MetalTerminalRendererTypes.swift */,
				A20000000000000000000057 /* MetalTerminalRenderer+Encode.swift */,
				A20000000000000000000058 /* MetalTerminalRenderer+GPUCompletionSelfTest.swift */,
				A20000000000000000000059 /* ProductChromeBlockViews.swift */,
				A2000000000000000000005A /* ProductChromeHostView+Blocks.swift */,
				A2000000000000000000005B /* ProductChromeHostView+Recovery.swift */,
				A2000000000000000000005C /* ProductChromeHostView+ChromeActions.swift */,
				A2000000000000000000005D /* RendererValidationDisplayLinkDriver.swift */,
				A2000000000000000000005E /* RendererValidation+OffscreenSelfTests.swift */,
				A2000000000000000000005F /* RendererValidation+LiveSelfTest.swift */,
				A20000000000000000000060 /* RendererValidation+Benchmark.swift */,
				A20000000000000000000061 /* RendererValidation+RecoverySelfTests.swift */,
				A20000000000000000000062 /* RendererValidation+Support.swift */,
				A20000000000000000000063 /* RustDisplayBridgeTypes.swift */,
				A20000000000000000000064 /* RustBridgeTeardownCoordinator.swift */,
				A20000000000000000000065 /* RustDisplayBridge+SelfTests.swift */,
				A20000000000000000000066 /* RustDisplayBridge+History.swift */,
				A20000000000000000000067 /* RustDisplayBridge+Input.swift */,
				A20000000000000000000068 /* RustDisplayBridge+Frame.swift */,
				A20000000000000000000069 /* MetalSurfaceView+Recovery.swift */,
			);
			path = Sources;
			sourceTree = "<group>";
		};
		A40000000000000000000003 /* Frameworks */ = {
			isa = PBXGroup;
			children = (
				A20000000000000000000005 /* AppKit.framework */,
				A20000000000000000000006 /* Metal.framework */,
				A20000000000000000000007 /* QuartzCore.framework */,
				A20000000000000000000016 /* CoreText.framework */,
				A20000000000000000000017 /* CoreGraphics.framework */,
				A20000000000000000000027 /* Security.framework */,
			);
			name = Frameworks;
			sourceTree = "<group>";
		};
		A40000000000000000000004 /* Products */ = {
			isa = PBXGroup;
			children = (
				A20000000000000000000004 /* Seyal.app */,
				C20000000000000000000001 /* SeyalTests.xctest */,
				C20000000000000000000002 /* SeyalUITests.xctest */,
			);
			name = Products;
			sourceTree = "<group>";
		};
		C40000000000000000000001 /* Tests */ = {
			isa = PBXGroup;
			children = (
				C40000000000000000000002 /* SeyalTests */,
				C40000000000000000000003 /* SeyalUITests */,
			);
			path = Tests;
			sourceTree = "<group>";
		};
		C40000000000000000000002 /* SeyalTests */ = {
			isa = PBXGroup;
			children = (
				C20000000000000000000003 /* SeyalHostComponentTests.swift */,
			);
			path = SeyalTests;
			sourceTree = "<group>";
		};
		C40000000000000000000003 /* SeyalUITests */ = {
			isa = PBXGroup;
			children = (
				C20000000000000000000004 /* SeyalHostUITests.swift */,
				C20000000000000000000005 /* SeyalHostHistoryUITests.swift */,
				C20000000000000000000006 /* SeyalHostWorkloadUITests.swift */,
				C20000000000000000000007 /* IsolatedHostedRuntime.swift */,
			);
			path = SeyalUITests;
			sourceTree = "<group>";
		};
/* End PBXGroup section */

/* Begin PBXNativeTarget section */
		A50000000000000000000001 /* Seyal */ = {
			isa = PBXNativeTarget;
			buildConfigurationList = A90000000000000000000002 /* Build configuration list for PBXNativeTarget "Seyal" */;
			buildPhases = (
				A60000000000000000000001 /* Sources */,
				A60000000000000000000002 /* Compile Metal shaders */,
				A30000000000000000000001 /* Frameworks */,
				A70000000000000000000001 /* Resources */,
			);
			buildRules = (
			);
			dependencies = (
			);
			name = Seyal;
			productName = Seyal;
			productReference = A20000000000000000000004 /* Seyal.app */;
			productType = "com.apple.product-type.application";
		};
		C50000000000000000000001 /* SeyalTests */ = {
			isa = PBXNativeTarget;
			buildConfigurationList = C90000000000000000000001 /* Build configuration list for PBXNativeTarget "SeyalTests" */;
			buildPhases = (
				C60000000000000000000001 /* Sources */,
				C30000000000000000000001 /* Frameworks */,
			);
			buildRules = (
			);
			dependencies = (
				D20000000000000000000001 /* PBXTargetDependency */,
			);
			name = SeyalTests;
			productName = SeyalTests;
			productReference = C20000000000000000000001 /* SeyalTests.xctest */;
			productType = "com.apple.product-type.bundle.unit-test";
		};
		C50000000000000000000002 /* SeyalUITests */ = {
			isa = PBXNativeTarget;
			buildConfigurationList = C90000000000000000000002 /* Build configuration list for PBXNativeTarget "SeyalUITests" */;
			buildPhases = (
				C60000000000000000000002 /* Sources */,
				C30000000000000000000002 /* Frameworks */,
			);
			buildRules = (
			);
			dependencies = (
				D20000000000000000000002 /* PBXTargetDependency */,
			);
			name = SeyalUITests;
			productName = SeyalUITests;
			productReference = C20000000000000000000002 /* SeyalUITests.xctest */;
			productType = "com.apple.product-type.bundle.ui-testing";
		};
/* End PBXNativeTarget section */

/* Begin PBXProject section */
		A80000000000000000000001 /* Project object */ = {
			isa = PBXProject;
			attributes = {
				BuildIndependentTargetsInParallel = 1;
				LastSwiftUpdateCheck = 1660;
				LastUpgradeCheck = 1660;
				TargetAttributes = {
					A50000000000000000000001 = {
						CreatedOnToolsVersion = 16.0;
					};
					C50000000000000000000001 = {
						CreatedOnToolsVersion = 16.0;
						TestTargetID = A50000000000000000000001;
					};
					C50000000000000000000002 = {
						CreatedOnToolsVersion = 16.0;
						TestTargetID = A50000000000000000000001;
					};
				};
			};
			buildConfigurationList = A90000000000000000000001 /* Build configuration list for PBXProject "Seyal" */;
			compatibilityVersion = "Xcode 15.0";
			developmentRegion = en;
			hasScannedForEncodings = 0;
			knownRegions = (
				en,
				Base,
			);
			mainGroup = A40000000000000000000001;
			productRefGroup = A40000000000000000000004 /* Products */;
			projectDirPath = "";
			projectRoot = "";
			targets = (
				A50000000000000000000001 /* Seyal */,
				C50000000000000000000001 /* SeyalTests */,
				C50000000000000000000002 /* SeyalUITests */,
			);
		};
/* End PBXProject section */

/* Begin PBXResourcesBuildPhase section */
		A70000000000000000000001 /* Resources */ = {
			isa = PBXResourcesBuildPhase;
			buildActionMask = 2147483647;
			files = (
			);
			runOnlyForDeploymentPostprocessing = 0;
		};
/* End PBXResourcesBuildPhase section */

/* Begin PBXSourcesBuildPhase section */
		A60000000000000000000001 /* Sources */ = {
			isa = PBXSourcesBuildPhase;
			buildActionMask = 2147483647;
			files = (
				A10000000000000000000001 /* Main.swift in Sources */,
				A10000000000000000000002 /* AppDelegate.swift in Sources */,
				A10000000000000000000041 /* ThinPaneHostView.swift in Sources */,
				A10000000000000000000048 /* CommandPaletteOverlayView.swift in Sources */,
				A10000000000000000000045 /* ProductChromeHostView.swift in Sources */,
				A10000000000000000000044 /* ComposerBridgeView.swift in Sources */,
				A10000000000000000000047 /* ComposerHistoryOverlayView.swift in Sources */,
				A10000000000000000000046 /* NativeThemeRealization.swift in Sources */,
				A10000000000000000000042 /* InteractiveMetalSurfaceView.swift in Sources */,
				A10000000000000000000043 /* RendererPresentationPlan.swift in Sources */,
				A10000000000000000000040 /* NativeFontSpec.swift in Sources */,
				A10000000000000000000003 /* MetalSurfaceView.swift in Sources */,
				A1000000000000000000000B /* TerminalSurfaceHostView.swift in Sources */,
				A10000000000000000000025 /* RuntimeRecoveryGlue.swift in Sources */,
				A1000000000000000000002C /* SeyalAccessibilityAnnouncement.swift in Sources */,
				A10000000000000000000050 /* TerminalCompositionDocument.swift in Sources */,
				A10000000000000000000051 /* TerminalNativeKeyClassifier.swift in Sources */,
				A10000000000000000000052 /* InteractiveMetalSurfaceView+InputSelfTests.swift in Sources */,
				A10000000000000000000053 /* MetalSurfaceRecoveryState.swift in Sources */,
				A10000000000000000000054 /* MetalSurfaceView+DisplayLink.swift in Sources */,
				A10000000000000000000056 /* MetalTerminalRendererTypes.swift in Sources */,
				A10000000000000000000057 /* MetalTerminalRenderer+Encode.swift in Sources */,
				A10000000000000000000058 /* MetalTerminalRenderer+GPUCompletionSelfTest.swift in Sources */,
				A10000000000000000000059 /* ProductChromeBlockViews.swift in Sources */,
				A1000000000000000000005A /* ProductChromeHostView+Blocks.swift in Sources */,
				A1000000000000000000005B /* ProductChromeHostView+Recovery.swift in Sources */,
				A1000000000000000000005C /* ProductChromeHostView+ChromeActions.swift in Sources */,
				A1000000000000000000005D /* RendererValidationDisplayLinkDriver.swift in Sources */,
				A1000000000000000000005E /* RendererValidation+OffscreenSelfTests.swift in Sources */,
				A1000000000000000000005F /* RendererValidation+LiveSelfTest.swift in Sources */,
				A10000000000000000000060 /* RendererValidation+Benchmark.swift in Sources */,
				A10000000000000000000061 /* RendererValidation+RecoverySelfTests.swift in Sources */,
				A10000000000000000000062 /* RendererValidation+Support.swift in Sources */,
				A10000000000000000000063 /* RustDisplayBridgeTypes.swift in Sources */,
				A10000000000000000000064 /* RustBridgeTeardownCoordinator.swift in Sources */,
				A10000000000000000000065 /* RustDisplayBridge+SelfTests.swift in Sources */,
				A10000000000000000000066 /* RustDisplayBridge+History.swift in Sources */,
				A10000000000000000000067 /* RustDisplayBridge+Input.swift in Sources */,
				A10000000000000000000068 /* RustDisplayBridge+Frame.swift in Sources */,
				A10000000000000000000069 /* MetalSurfaceView+Recovery.swift in Sources */,
				A10000000000000000000026 /* BundledRuntimeLauncher.swift in Sources */,
				A10000000000000000000049 /* IsolatedRuntimeDirectory.swift in Sources */,
				A1000000000000000000000E /* RustDisplayBridge.swift in Sources */,
				A1000000000000000000000F /* GlyphAtlas.swift in Sources */,
				A10000000000000000000010 /* MetalTerminalRenderer.swift in Sources */,
				A10000000000000000000011 /* RendererValidation.swift in Sources */,
			);
			runOnlyForDeploymentPostprocessing = 0;
		};
		A60000000000000000000002 /* Compile Metal shaders */ = {
			isa = PBXShellScriptBuildPhase;
			alwaysOutOfDate = 0;
			buildActionMask = 2147483647;
			files = (
			);
			inputPaths = (
				"$(SRCROOT)/Sources/TerminalShaders.metal",
			);
			name = "Compile Metal shaders";
			outputPaths = (
				"$(TARGET_BUILD_DIR)/$(UNLOCALIZED_RESOURCES_FOLDER_PATH)/default.metallib",
			);
			runOnlyForDeploymentPostprocessing = 0;
			shellPath = /bin/sh;
			shellScript = "bash \"$SRCROOT/../../scripts/compile-metal.sh\"\n";
		};
		C60000000000000000000001 /* Sources */ = {
			isa = PBXSourcesBuildPhase;
			buildActionMask = 2147483647;
			files = (
				C10000000000000000000001 /* SeyalHostComponentTests.swift in Sources */,
			);
			runOnlyForDeploymentPostprocessing = 0;
		};
		C60000000000000000000002 /* Sources */ = {
			isa = PBXSourcesBuildPhase;
			buildActionMask = 2147483647;
			files = (
				C10000000000000000000002 /* SeyalHostUITests.swift in Sources */,
				C10000000000000000000005 /* SeyalHostHistoryUITests.swift in Sources */,
				C10000000000000000000006 /* SeyalHostWorkloadUITests.swift in Sources */,
				C10000000000000000000007 /* IsolatedHostedRuntime.swift in Sources */,
			);
			runOnlyForDeploymentPostprocessing = 0;
		};
/* End PBXSourcesBuildPhase section */

/* Begin PBXTargetDependency section */
		D20000000000000000000001 /* PBXTargetDependency */ = {
			isa = PBXTargetDependency;
			target = A50000000000000000000001 /* Seyal */;
			targetProxy = D10000000000000000000001 /* PBXContainerItemProxy */;
		};
		D20000000000000000000002 /* PBXTargetDependency */ = {
			isa = PBXTargetDependency;
			target = A50000000000000000000001 /* Seyal */;
			targetProxy = D10000000000000000000002 /* PBXContainerItemProxy */;
		};
/* End PBXTargetDependency section */

/* Begin XCBuildConfiguration section */
		B00000000000000000000001 /* Debug */ = {
			isa = XCBuildConfiguration;
			buildSettings = {
				CLANG_ENABLE_MODULES = YES;
				HEADER_SEARCH_PATHS = (
					"$(inherited)",
					"$(SRCROOT)/../../crates/seyal-client/include",
				);
				MACOSX_DEPLOYMENT_TARGET = 14.0;
				SDKROOT = macosx;
				SWIFT_ACTIVE_COMPILATION_CONDITIONS = DEBUG;
				SWIFT_VERSION = 6.0;
			};
			name = Debug;
		};
		B00000000000000000000002 /* Release */ = {
			isa = XCBuildConfiguration;
			buildSettings = {
				CLANG_ENABLE_MODULES = YES;
				HEADER_SEARCH_PATHS = (
					"$(inherited)",
					"$(SRCROOT)/../../crates/seyal-client/include",
				);
				MACOSX_DEPLOYMENT_TARGET = 14.0;
				SDKROOT = macosx;
				SWIFT_COMPILATION_MODE = wholemodule;
				SWIFT_OPTIMIZATION_LEVEL = "-O";
				SWIFT_VERSION = 6.0;
			};
			name = Release;
		};
		B00000000000000000000003 /* Debug */ = {
			isa = XCBuildConfiguration;
			buildSettings = {
				CODE_SIGN_STYLE = Automatic;
				COMBINE_HIDPI_IMAGES = YES;
				ENABLE_HARDENED_RUNTIME = YES;
				ENABLE_TESTABILITY = YES;
				GENERATE_INFOPLIST_FILE = NO;
				HEADER_SEARCH_PATHS = (
					"$(inherited)",
					"$(SRCROOT)/../../crates/seyal-client/include",
				);
				INFOPLIST_FILE = Info.plist;
				LIBRARY_SEARCH_PATHS = (
					"$(inherited)",
					"$(SRCROOT)/../../target/debug",
				);
				OTHER_LDFLAGS = (
					"$(inherited)",
					"-lseyal_client",
				);
				LD_RUNPATH_SEARCH_PATHS = (
					"$(inherited)",
					"@executable_path/../Frameworks",
				);
				PRODUCT_BUNDLE_IDENTIFIER = dev.seyal.Seyal;
				PRODUCT_NAME = "$(TARGET_NAME)";
				SWIFT_OBJC_BRIDGING_HEADER = Sources/SeyalBridge.h;
				SWIFT_EMIT_LOC_STRINGS = YES;
				SWIFT_VERSION = 6.0;
			};
			name = Debug;
		};
		B00000000000000000000004 /* Release */ = {
			isa = XCBuildConfiguration;
			buildSettings = {
				CODE_SIGN_STYLE = Automatic;
				COMBINE_HIDPI_IMAGES = YES;
				ENABLE_HARDENED_RUNTIME = YES;
				GENERATE_INFOPLIST_FILE = NO;
				HEADER_SEARCH_PATHS = (
					"$(inherited)",
					"$(SRCROOT)/../../crates/seyal-client/include",
				);
				INFOPLIST_FILE = Info.plist;
				LIBRARY_SEARCH_PATHS = (
					"$(inherited)",
					"$(SRCROOT)/../../target/release",
				);
				OTHER_LDFLAGS = (
					"$(inherited)",
					"-lseyal_client",
				);
				LD_RUNPATH_SEARCH_PATHS = (
					"$(inherited)",
					"@executable_path/../Frameworks",
				);
				PRODUCT_BUNDLE_IDENTIFIER = dev.seyal.Seyal;
				PRODUCT_NAME = "$(TARGET_NAME)";
				SWIFT_OBJC_BRIDGING_HEADER = Sources/SeyalBridge.h;
				SWIFT_EMIT_LOC_STRINGS = YES;
				SWIFT_VERSION = 6.0;
			};
			name = Release;
		};
		C80000000000000000000001 /* Debug */ = {
			isa = XCBuildConfiguration;
			buildSettings = {
				BUNDLE_LOADER = "$(TEST_HOST)";
				CODE_SIGN_STYLE = Automatic;
				GENERATE_INFOPLIST_FILE = YES;
				PRODUCT_BUNDLE_IDENTIFIER = dev.seyal.SeyalTests;
				PRODUCT_NAME = "$(TARGET_NAME)";
				SWIFT_VERSION = 6.0;
				TEST_HOST = "$(BUILT_PRODUCTS_DIR)/Seyal.app/Contents/MacOS/Seyal";
			};
			name = Debug;
		};
		C80000000000000000000002 /* Release */ = {
			isa = XCBuildConfiguration;
			buildSettings = {
				BUNDLE_LOADER = "$(TEST_HOST)";
				CODE_SIGN_STYLE = Automatic;
				GENERATE_INFOPLIST_FILE = YES;
				PRODUCT_BUNDLE_IDENTIFIER = dev.seyal.SeyalTests;
				PRODUCT_NAME = "$(TARGET_NAME)";
				SWIFT_VERSION = 6.0;
				TEST_HOST = "$(BUILT_PRODUCTS_DIR)/Seyal.app/Contents/MacOS/Seyal";
			};
			name = Release;
		};
		C80000000000000000000003 /* Debug */ = {
			isa = XCBuildConfiguration;
			buildSettings = {
				CODE_SIGN_STYLE = Automatic;
				GENERATE_INFOPLIST_FILE = YES;
				PRODUCT_BUNDLE_IDENTIFIER = dev.seyal.SeyalUITests;
				PRODUCT_NAME = "$(TARGET_NAME)";
				SWIFT_STRICT_CONCURRENCY = minimal;
				SWIFT_VERSION = 6.0;
				TEST_TARGET_NAME = Seyal;
			};
			name = Debug;
		};
		C80000000000000000000004 /* Release */ = {
			isa = XCBuildConfiguration;
			buildSettings = {
				CODE_SIGN_STYLE = Automatic;
				GENERATE_INFOPLIST_FILE = YES;
				PRODUCT_BUNDLE_IDENTIFIER = dev.seyal.SeyalUITests;
				PRODUCT_NAME = "$(TARGET_NAME)";
				SWIFT_STRICT_CONCURRENCY = minimal;
				SWIFT_VERSION = 6.0;
				TEST_TARGET_NAME = Seyal;
			};
			name = Release;
		};
/* End XCBuildConfiguration section */

/* Begin XCConfigurationList section */
		A90000000000000000000001 /* Build configuration list for PBXProject "Seyal" */ = {
			isa = XCConfigurationList;
			buildConfigurations = (
				B00000000000000000000001 /* Debug */,
				B00000000000000000000002 /* Release */,
			);
			defaultConfigurationIsVisible = 0;
			defaultConfigurationName = Release;
		};
		A90000000000000000000002 /* Build configuration list for PBXNativeTarget "Seyal" */ = {
			isa = XCConfigurationList;
			buildConfigurations = (
				B00000000000000000000003 /* Debug */,
				B00000000000000000000004 /* Release */,
			);
			defaultConfigurationIsVisible = 0;
			defaultConfigurationName = Release;
		};
		C90000000000000000000001 /* Build configuration list for PBXNativeTarget "SeyalTests" */ = {
			isa = XCConfigurationList;
			buildConfigurations = (
				C80000000000000000000001 /* Debug */,
				C80000000000000000000002 /* Release */,
			);
			defaultConfigurationIsVisible = 0;
			defaultConfigurationName = Release;
		};
		C90000000000000000000002 /* Build configuration list for PBXNativeTarget "SeyalUITests" */ = {
			isa = XCConfigurationList;
			buildConfigurations = (
				C80000000000000000000003 /* Debug */,
				C80000000000000000000004 /* Release */,
			);
			defaultConfigurationIsVisible = 0;
			defaultConfigurationName = Release;
		};
/* End XCConfigurationList section */
	};
	rootObject = A80000000000000000000001 /* Project object */;
}
